
Microsoft Visual Studio Solution File, Format Version 12.00
# Visual Studio Version 17
VisualStudioVersion = 17.14.37012.4 d17.14
MinimumVisualStudioVersion = 10.0.40219.1
Project("{FAE04EC0-301F-11D3-BF4B-00C04F79EFBC}") = "Backend_Financiero", "Backend_Financiero\Backend_Financiero.csproj", "{4D78B1CF-1F67-4ED5-B6EC-D8A113E44F2D}"
EndProject
Global
	GlobalSection(SolutionConfigurationPlatforms) = preSolution
		Debug|Any CPU = Debug|Any CPU
		Release|Any CPU = Release|Any CPU
	EndGlobalSection
	GlobalSection(ProjectConfigurationPlatforms) = postSolution
		{4D78B1CF-1F67-4ED5-B6EC-D8A113E44F2D}.Debug|Any CPU.ActiveCfg = Debug|Any CPU
		{4D78B1CF-1F67-4ED5-B6EC-D8A113E44F2D}.Debug|Any CPU.Build.0 = Debug|Any CPU
		{4D78B1CF-1F67-4ED5-B6EC-D8A113E44F2D}.Release|Any CPU.ActiveCfg = Release|Any CPU
		{4D78B1CF-1F67-4ED5-B6EC-D8A113E44F2D}.Release|Any CPU.Build.0 = Release|Any CPU
	EndGlobalSection
	GlobalSection(SolutionProperties) = preSolution
		HideSolutionNode = FALSE
	EndGlobalSection
	GlobalSection(ExtensibilityGlobals) = postSolution
		SolutionGuid = {14557CDD-57FE-4C38-9FAF-AA7B9E601353}
	EndGlobalSection
EndGlobal
